
Microsoft Visual Studio Solution File, Format Version 12.00
# Visual Studio 2013
VisualStudioVersion = 12.0.21005.1
MinimumVisualStudioVersion = 10.0.40219.1
Project("{FAE04EC0-301F-11D3-BF4B-00C04F79EFBC}") = "04.NumeralSystems", "04.NumeralSystems\04.NumeralSystems.csproj", "{6EA4C9CC-B9F0-447D-A94E-F2AE4D150269}"
EndProject
Project("{FAE04EC0-301F-11D3-BF4B-00C04F79EFBC}") = "2.BinaryToDecimal", "2.BinaryToDecimal\2.BinaryToDecimal.csproj", "{D2107D1D-8134-4F4D-8A18-23ADD6494CD9}"
EndProject
Project("{FAE04EC0-301F-11D3-BF4B-00C04F79EFBC}") = "3.DecimalToHex", "3.DecimalToHex\3.DecimalToHex.csproj", "{2C334B31-8680-4E8B-83CB-7E29626B2EEF}"
EndProject
Global
	GlobalSection(SolutionConfigurationPlatforms) = preSolution
		Debug|Any CPU = Debug|Any CPU
		Release|Any CPU = Release|Any CPU
	EndGlobalSection
	GlobalSection(ProjectConfigurationPlatforms) = postSolution
		{6EA4C9CC-B9F0-447D-A94E-F2AE4D150269}.Debug|Any CPU.ActiveCfg = Debug|Any CPU
		{6EA4C9CC-B9F0-447D-A94E-F2AE4D150269}.Debug|Any CPU.Build.0 = Debug|Any CPU
		{6EA4C9CC-B9F0-447D-A94E-F2AE4D150269}.Release|Any CPU.ActiveCfg = Release|Any CPU
		{6EA4C9CC-B9F0-447D-A94E-F2AE4D150269}.Release|Any CPU.Build.0 = Release|Any CPU
		{D2107D1D-8134-4F4D-8A18-23ADD6494CD9}.Debug|Any CPU.ActiveCfg = Debug|Any CPU
		{D2107D1D-8134-4F4D-8A18-23ADD6494CD9}.Debug|Any CPU.Build.0 = Debug|Any CPU
		{D2107D1D-8134-4F4D-8A18-23ADD6494CD9}.Release|Any CPU.ActiveCfg = Release|Any CPU
		{D2107D1D-8134-4F4D-8A18-23ADD6494CD9}.Release|Any CPU.Build.0 = Release|Any CPU
		{2C334B31-8680-4E8B-83CB-7E29626B2EEF}.Debug|Any CPU.ActiveCfg = Debug|Any CPU
		{2C334B31-8680-4E8B-83CB-7E29626B2EEF}.Debug|Any CPU.Build.0 = Debug|Any CPU
		{2C334B31-8680-4E8B-83CB-7E29626B2EEF}.Release|Any CPU.ActiveCfg = Release|Any CPU
		{2C334B31-8680-4E8B-83CB-7E29626B2EEF}.Release|Any CPU.Build.0 = Release|Any CPU
	EndGlobalSection
	GlobalSection(SolutionProperties) = preSolution
		HideSolutionNode = FALSE
	EndGlobalSection
EndGlobal
