
Microsoft Visual Studio Solution File, Format Version 12.00
# Visual Studio 2013
VisualStudioVersion = 12.0.21005.1
MinimumVisualStudioVersion = 10.0.40219.1
Project("{FAE04EC0-301F-11D3-BF4B-00C04F79EFBC}") = "02.MultiDimensionalArrays", "02.MultiDimensionalArrays\02.MultiDimensionalArrays.csproj", "{6CB044AC-33F9-41AD-9A99-85B9E7A0D50B}"
EndProject
Project("{FAE04EC0-301F-11D3-BF4B-00C04F79EFBC}") = "2.Maximal_SUm", "2.Maximal_SUm\2.Maximal_SUm.csproj", "{E267FDFB-6639-4DB4-AB45-BD6C7C80B601}"
EndProject
Project("{FAE04EC0-301F-11D3-BF4B-00C04F79EFBC}") = "3.Sequence_in_Matrix", "3.Sequence_in_Matrix\3.Sequence_in_Matrix.csproj", "{25806B2B-844F-4AD0-910F-511368A05D11}"
EndProject
Project("{FAE04EC0-301F-11D3-BF4B-00C04F79EFBC}") = "7.LargestAreaInMatrix", "7.LargestAreaInMatrix\7.LargestAreaInMatrix.csproj", "{455EF928-80C7-4F49-9A92-501A6187E548}"
EndProject
Global
	GlobalSection(SolutionConfigurationPlatforms) = preSolution
		Debug|Any CPU = Debug|Any CPU
		Release|Any CPU = Release|Any CPU
	EndGlobalSection
	GlobalSection(ProjectConfigurationPlatforms) = postSolution
		{6CB044AC-33F9-41AD-9A99-85B9E7A0D50B}.Debug|Any CPU.ActiveCfg = Debug|Any CPU
		{6CB044AC-33F9-41AD-9A99-85B9E7A0D50B}.Debug|Any CPU.Build.0 = Debug|Any CPU
		{6CB044AC-33F9-41AD-9A99-85B9E7A0D50B}.Release|Any CPU.ActiveCfg = Release|Any CPU
		{6CB044AC-33F9-41AD-9A99-85B9E7A0D50B}.Release|Any CPU.Build.0 = Release|Any CPU
		{E267FDFB-6639-4DB4-AB45-BD6C7C80B601}.Debug|Any CPU.ActiveCfg = Debug|Any CPU
		{E267FDFB-6639-4DB4-AB45-BD6C7C80B601}.Debug|Any CPU.Build.0 = Debug|Any CPU
		{E267FDFB-6639-4DB4-AB45-BD6C7C80B601}.Release|Any CPU.ActiveCfg = Release|Any CPU
		{E267FDFB-6639-4DB4-AB45-BD6C7C80B601}.Release|Any CPU.Build.0 = Release|Any CPU
		{25806B2B-844F-4AD0-910F-511368A05D11}.Debug|Any CPU.ActiveCfg = Debug|Any CPU
		{25806B2B-844F-4AD0-910F-511368A05D11}.Debug|Any CPU.Build.0 = Debug|Any CPU
		{25806B2B-844F-4AD0-910F-511368A05D11}.Release|Any CPU.ActiveCfg = Release|Any CPU
		{25806B2B-844F-4AD0-910F-511368A05D11}.Release|Any CPU.Build.0 = Release|Any CPU
		{455EF928-80C7-4F49-9A92-501A6187E548}.Debug|Any CPU.ActiveCfg = Debug|Any CPU
		{455EF928-80C7-4F49-9A92-501A6187E548}.Debug|Any CPU.Build.0 = Debug|Any CPU
		{455EF928-80C7-4F49-9A92-501A6187E548}.Release|Any CPU.ActiveCfg = Release|Any CPU
		{455EF928-80C7-4F49-9A92-501A6187E548}.Release|Any CPU.Build.0 = Release|Any CPU
	EndGlobalSection
	GlobalSection(SolutionProperties) = preSolution
		HideSolutionNode = FALSE
	EndGlobalSection
EndGlobal
